
Microsoft Visual Studio Solution File, Format Version 12.00
# Visual Studio Version 17
VisualStudioVersion = 17.0.31903.59
MinimumVisualStudioVersion = 10.0.40219.1
Project("{FAE04EC0-301F-11D3-BF4B-00C04F79EFBC}") = "MES.Api", "MES.Api\MES.Api.csproj", "{22281601-89D9-472F-8DC9-C7F0997DCD96}"
EndProject
Project("{FAE04EC0-301F-11D3-BF4B-00C04F79EFBC}") = "MES.Application", "MES.Application\MES.Application.csproj", "{7E4BFDA3-B57E-4D79-920F-3B8A8C244423}"
EndProject
Project("{FAE04EC0-301F-11D3-BF4B-00C04F79EFBC}") = "MES.Domain", "MES.Domain\MES.Domain.csproj", "{C1C640C9-EC8E-4DD1-8F96-FF936639E7DB}"
EndProject
Project("{FAE04EC0-301F-11D3-BF4B-00C04F79EFBC}") = "MES.Infrastructure", "MES.Infrastructure\MES.Infrastructure.csproj", "{A286274A-4E50-4993-BF97-0957FFE59AEA}"
EndProject
Project("{FAE04EC0-301F-11D3-BF4B-00C04F79EFBC}") = "MES.Domain.Tests", "..\tests\MES.Domain.Tests\MES.Domain.Tests.csproj", "{6D27407D-99F1-4B1F-8E95-299081A342A2}"
EndProject
Project("{FAE04EC0-301F-11D3-BF4B-00C04F79EFBC}") = "MES.Web", "..\frontend\MES.Web\MES.Web.csproj", "{124C0C8A-88DF-40D2-ADA6-11B0F01F9CF8}"
EndProject
Global
	GlobalSection(SolutionConfigurationPlatforms) = preSolution
		Debug|Any CPU = Debug|Any CPU
		Debug|x64 = Debug|x64
		Debug|x86 = Debug|x86
		Release|Any CPU = Release|Any CPU
		Release|x64 = Release|x64
		Release|x86 = Release|x86
	EndGlobalSection
	GlobalSection(ProjectConfigurationPlatforms) = postSolution
		{22281601-89D9-472F-8DC9-C7F0997DCD96}.Debug|Any CPU.ActiveCfg = Debug|Any CPU
		{22281601-89D9-472F-8DC9-C7F0997DCD96}.Debug|Any CPU.Build.0 = Debug|Any CPU
		{22281601-89D9-472F-8DC9-C7F0997DCD96}.Debug|x64.ActiveCfg = Debug|Any CPU
		{22281601-89D9-472F-8DC9-C7F0997DCD96}.Debug|x64.Build.0 = Debug|Any CPU
		{22281601-89D9-472F-8DC9-C7F0997DCD96}.Debug|x86.ActiveCfg = Debug|Any CPU
		{22281601-89D9-472F-8DC9-C7F0997DCD96}.Debug|x86.Build.0 = Debug|Any CPU
		{22281601-89D9-472F-8DC9-C7F0997DCD96}.Release|Any CPU.ActiveCfg = Release|Any CPU
		{22281601-89D9-472F-8DC9-C7F0997DCD96}.Release|Any CPU.Build.0 = Release|Any CPU
		{22281601-89D9-472F-8DC9-C7F0997DCD96}.Release|x64.ActiveCfg = Release|Any CPU
		{22281601-89D9-472F-8DC9-C7F0997DCD96}.Release|x64.Build.0 = Release|Any CPU
		{22281601-89D9-472F-8DC9-C7F0997DCD96}.Release|x86.ActiveCfg = Release|Any CPU
		{22281601-89D9-472F-8DC9-C7F0997DCD96}.Release|x86.Build.0 = Release|Any CPU
		{7E4BFDA3-B57E-4D79-920F-3B8A8C244423}.Debug|Any CPU.ActiveCfg = Debug|Any CPU
		{7E4BFDA3-B57E-4D79-920F-3B8A8C244423}.Debug|Any CPU.Build.0 = Debug|Any CPU
		{7E4BFDA3-B57E-4D79-920F-3B8A8C244423}.Debug|x64.ActiveCfg = Debug|Any CPU
		{7E4BFDA3-B57E-4D79-920F-3B8A8C244423}.Debug|x64.Build.0 = Debug|Any CPU
		{7E4BFDA3-B57E-4D79-920F-3B8A8C244423}.Debug|x86.ActiveCfg = Debug|Any CPU
		{7E4BFDA3-B57E-4D79-920F-3B8A8C244423}.Debug|x86.Build.0 = Debug|Any CPU
		{7E4BFDA3-B57E-4D79-920F-3B8A8C244423}.Release|Any CPU.ActiveCfg = Release|Any CPU
		{7E4BFDA3-B57E-4D79-920F-3B8A8C244423}.Release|Any CPU.Build.0 = Release|Any CPU
		{7E4BFDA3-B57E-4D79-920F-3B8A8C244423}.Release|x64.ActiveCfg = Release|Any CPU
		{7E4BFDA3-B57E-4D79-920F-3B8A8C244423}.Release|x64.Build.0 = Release|Any CPU
		{7E4BFDA3-B57E-4D79-920F-3B8A8C244423}.Release|x86.ActiveCfg = Release|Any CPU
		{7E4BFDA3-B57E-4D79-920F-3B8A8C244423}.Release|x86.Build.0 = Release|Any CPU
		{C1C640C9-EC8E-4DD1-8F96-FF936639E7DB}.Debug|Any CPU.ActiveCfg = Debug|Any CPU
		{C1C640C9-EC8E-4DD1-8F96-FF936639E7DB}.Debug|Any CPU.Build.0 = Debug|Any CPU
		{C1C640C9-EC8E-4DD1-8F96-FF936639E7DB}.Debug|x64.ActiveCfg = Debug|Any CPU
		{C1C640C9-EC8E-4DD1-8F96-FF936639E7DB}.Debug|x64.Build.0 = Debug|Any CPU
		{C1C640C9-EC8E-4DD1-8F96-FF936639E7DB}.Debug|x86.ActiveCfg = Debug|Any CPU
		{C1C640C9-EC8E-4DD1-8F96-FF936639E7DB}.Debug|x86.Build.0 = Debug|Any CPU
		{C1C640C9-EC8E-4DD1-8F96-FF936639E7DB}.Release|Any CPU.ActiveCfg = Release|Any CPU
		{C1C640C9-EC8E-4DD1-8F96-FF936639E7DB}.Release|Any CPU.Build.0 = Release|Any CPU
		{C1C640C9-EC8E-4DD1-8F96-FF936639E7DB}.Release|x64.ActiveCfg = Release|Any CPU
		{C1C640C9-EC8E-4DD1-8F96-FF936639E7DB}.Release|x64.Build.0 = Release|Any CPU
		{C1C640C9-EC8E-4DD1-8F96-FF936639E7DB}.Release|x86.ActiveCfg = Release|Any CPU
		{C1C640C9-EC8E-4DD1-8F96-FF936639E7DB}.Release|x86.Build.0 = Release|Any CPU
		{A286274A-4E50-4993-BF97-0957FFE59AEA}.Debug|Any CPU.ActiveCfg = Debug|Any CPU
		{A286274A-4E50-4993-BF97-0957FFE59AEA}.Debug|Any CPU.Build.0 = Debug|Any CPU
		{A286274A-4E50-4993-BF97-0957FFE59AEA}.Debug|x64.ActiveCfg = Debug|Any CPU
		{A286274A-4E50-4993-BF97-0957FFE59AEA}.Debug|x64.Build.0 = Debug|Any CPU
		{A286274A-4E50-4993-BF97-0957FFE59AEA}.Debug|x86.ActiveCfg = Debug|Any CPU
		{A286274A-4E50-4993-BF97-0957FFE59AEA}.Debug|x86.Build.0 = Debug|Any CPU
		{A286274A-4E50-4993-BF97-0957FFE59AEA}.Release|Any CPU.ActiveCfg = Release|Any CPU
		{A286274A-4E50-4993-BF97-0957FFE59AEA}.Release|Any CPU.Build.0 = Release|Any CPU
		{A286274A-4E50-4993-BF97-0957FFE59AEA}.Release|x64.ActiveCfg = Release|Any CPU
		{A286274A-4E50-4993-BF97-0957FFE59AEA}.Release|x64.Build.0 = Release|Any CPU
		{A286274A-4E50-4993-BF97-0957FFE59AEA}.Release|x86.ActiveCfg = Release|Any CPU
		{A286274A-4E50-4993-BF97-0957FFE59AEA}.Release|x86.Build.0 = Release|Any CPU
		{6D27407D-99F1-4B1F-8E95-299081A342A2}.Debug|Any CPU.ActiveCfg = Debug|Any CPU
		{6D27407D-99F1-4B1F-8E95-299081A342A2}.Debug|Any CPU.Build.0 = Debug|Any CPU
		{6D27407D-99F1-4B1F-8E95-299081A342A2}.Debug|x64.ActiveCfg = Debug|Any CPU
		{6D27407D-99F1-4B1F-8E95-299081A342A2}.Debug|x64.Build.0 = Debug|Any CPU
		{6D27407D-99F1-4B1F-8E95-299081A342A2}.Debug|x86.ActiveCfg = Debug|Any CPU
		{6D27407D-99F1-4B1F-8E95-299081A342A2}.Debug|x86.Build.0 = Debug|Any CPU
		{6D27407D-99F1-4B1F-8E95-299081A342A2}.Release|Any CPU.ActiveCfg = Release|Any CPU
		{6D27407D-99F1-4B1F-8E95-299081A342A2}.Release|Any CPU.Build.0 = Release|Any CPU
		{6D27407D-99F1-4B1F-8E95-299081A342A2}.Release|x64.ActiveCfg = Release|Any CPU
		{6D27407D-99F1-4B1F-8E95-299081A342A2}.Release|x64.Build.0 = Release|Any CPU
		{6D27407D-99F1-4B1F-8E95-299081A342A2}.Release|x86.ActiveCfg = Release|Any CPU
		{6D27407D-99F1-4B1F-8E95-299081A342A2}.Release|x86.Build.0 = Release|Any CPU
		{124C0C8A-88DF-40D2-ADA6-11B0F01F9CF8}.Debug|Any CPU.ActiveCfg = Debug|Any CPU
		{124C0C8A-88DF-40D2-ADA6-11B0F01F9CF8}.Debug|Any CPU.Build.0 = Debug|Any CPU
		{124C0C8A-88DF-40D2-ADA6-11B0F01F9CF8}.Debug|x64.ActiveCfg = Debug|Any CPU
		{124C0C8A-88DF-40D2-ADA6-11B0F01F9CF8}.Debug|x64.Build.0 = Debug|Any CPU
		{124C0C8A-88DF-40D2-ADA6-11B0F01F9CF8}.Debug|x86.ActiveCfg = Debug|Any CPU
		{124C0C8A-88DF-40D2-ADA6-11B0F01F9CF8}.Debug|x86.Build.0 = Debug|Any CPU
		{124C0C8A-88DF-40D2-ADA6-11B0F01F9CF8}.Release|Any CPU.ActiveCfg = Release|Any CPU
		{124C0C8A-88DF-40D2-ADA6-11B0F01F9CF8}.Release|Any CPU.Build.0 = Release|Any CPU
		{124C0C8A-88DF-40D2-ADA6-11B0F01F9CF8}.Release|x64.ActiveCfg = Release|Any CPU
		{124C0C8A-88DF-40D2-ADA6-11B0F01F9CF8}.Release|x64.Build.0 = Release|Any CPU
		{124C0C8A-88DF-40D2-ADA6-11B0F01F9CF8}.Release|x86.ActiveCfg = Release|Any CPU
		{124C0C8A-88DF-40D2-ADA6-11B0F01F9CF8}.Release|x86.Build.0 = Release|Any CPU
	EndGlobalSection
	GlobalSection(SolutionProperties) = preSolution
		HideSolutionNode = FALSE
	EndGlobalSection
EndGlobal
